PODS:
  - HaidoraAlertViewManager (0.1.0):
    - HaidoraAlertViewManager/Core (= 0.1.0)
    - HaidoraAlertViewManager/UIAlertView (= 0.1.0)
  - HaidoraAlertViewManager/Core (0.1.0)
  - HaidoraAlertViewManager/UIAlertView (0.1.0):
    - HaidoraAlertViewManager/Core

DEPENDENCIES:
  - HaidoraAlertViewManager (from `../`)

EXTERNAL SOURCES:
  HaidoraAlertViewManager:
    :path: ../

SPEC CHECKSUMS:
  HaidoraAlertViewManager: 541bcd37b300388fad957cce1a85fc7dc1555330

COCOAPODS: 0.38.2
